// !$*UTF8*$!
{
	archiveVersion = 1;
	classes = {
	};
	objectVersion = 46;
	objects = {

/* Begin PBXBuildFile section */
		B66C725E1B549BE300105390 /* AppDelegate.swift in Sources */ = {isa = PBXBuildFile; fileRef = B66C725D1B549BE300105390 /* AppDelegate.swift */; };
		B66C72601B549BE300105390 /* ViewController.swift in Sources */ = {isa = PBXBuildFile; fileRef = B66C725F1B549BE300105390 /* ViewController.swift */; };
		B66C72631B549BE300105390 /* Main.storyboard in Resources */ = {isa = PBXBuildFile; fileRef = B66C72611B549BE300105390 /* Main.storyboard */; };
		B66C72651B549BE300105390 /* Images.xcassets in Resources */ = {isa = PBXBuildFile; fileRef = B66C72641B549BE300105390 /* Images.xcassets */; };
		B66C72681B549BE300105390 /* LaunchScreen.xib in Resources */ = {isa = PBXBuildFile; fileRef = B66C72661B549BE300105390 /* LaunchScreen.xib */; };
		B66C72801B54C66E00105390 /* LxIAPManager.swift in Sources */ = {isa = PBXBuildFile; fileRef = B66C727F1B54C66E00105390 /* LxIAPManager.swift */; };
/* End PBXBuildFile section */

/* Begin PBXFileReference section */
		B66C72581B549BE300105390 /* LxIAPManagerDemo.app */ = {isa = PBXFileReference; explicitFileType = wrapper.application; includeInIndex = 0; path = LxIAPManagerDemo.app; sourceTree = BUILT_PRODUCTS_DIR; };
		B66C725C1B549BE300105390 /* Info.plist */ = {isa = PBXFileReference; lastKnownFileType = text.plist.xml; path = Info.plist; sourceTree = "<group>"; };
		B66C725D1B549BE300105390 /* AppDelegate.swift */ = {isa = PBXFileReference; lastKnownFileType = sourcecode.swift; path = AppDelegate.swift; sourceTree = "<group>"; };
		B66C725F1B549BE300105390 /* ViewController.swift */ = {isa = PBXFileReference; lastKnownFileType = sourcecode.swift; path = ViewController.swift; sourceTree = "<group>"; };
		B66C72621B549BE300105390 /* Base */ = {isa = PBXFileReference; lastKnownFileType = file.storyboard; name = Base; path = Base.lproj/Main.storyboard; sourceTree = "<group>"; };
		B66C72641B549BE300105390 /* Images.xcassets */ = {isa = PBXFileReference; lastKnownFileType = folder.assetcatalog; path = Images.xcassets; sourceTree = "<group>"; };
		B66C72671B549BE300105390 /* Base */ = {isa = PBXFileReference; lastKnownFileType = file.xib; name = Base; path = Base.lproj/LaunchScreen.xib; sourceTree = "<group>"; };
		B66C727F1B54C66E00105390 /* LxIAPManager.swift */ = {isa = PBXFileReference; fileEncoding = 4; lastKnownFileType = sourcecode.swift; name = LxIAPManager.swift; path = ../../LxIAPManager.swift; sourceTree = "<group>"; };
/* End PBXFileReference section */

/* Begin PBXFrameworksBuildPhase section */
		B66C72551B549BE300105390 /* Frameworks */ = {
			isa = PBXFrameworksBuildPhase;
			buildActionMask = 2147483647;
			files = (
			);
			runOnlyForDeploymentPostprocessing = 0;
		};
/* End PBXFrameworksBuildPhase section */

/* Begin PBXGroup section */
		B66C724F1B549BE300105390 = {
			isa = PBXGroup;
			children = (
				B66C725A1B549BE300105390 /* LxIAPManagerDemo */,
				B66C72591B549BE300105390 /* Products */,
			);
			sourceTree = "<group>";
		};
		B66C72591B549BE300105390 /* Products */ = {
			isa = PBXGroup;
			children = (
				B66C72581B549BE300105390 /* LxIAPManagerDemo.app */,
			);
			name = Products;
			sourceTree = "<group>";
		};
		B66C725A1B549BE300105390 /* LxIAPManagerDemo */ = {
			isa = PBXGroup;
			children = (
				B66C727F1B54C66E00105390 /* LxIAPManager.swift */,
				B66C725D1B549BE300105390 /* AppDelegate.swift */,
				B66C725F1B549BE300105390 /* ViewController.swift */,
				B66C725B1B549BE300105390 /* Supporting Files */,
			);
			path = LxIAPManagerDemo;
			sourceTree = "<group>";
		};
		B66C725B1B549BE300105390 /* Supporting Files */ = {
			isa = PBXGroup;
			children = (
				B66C72661B549BE300105390 /* LaunchScreen.xib */,
				B66C72611B549BE300105390 /* Main.storyboard */,
				B66C72641B549BE300105390 /* Images.xcassets */,
				B66C725C1B549BE300105390 /* Info.plist */,
			);
			name = "Supporting Files";
			sourceTree = "<group>";
		};
/* End PBXGroup section */

/* Begin PBXNativeTarget section */
		B66C72571B549BE300105390 /* LxIAPManagerDemo */ = {
			isa = PBXNativeTarget;
			buildConfigurationList = B66C72771B549BE300105390 /* Build configuration list for PBXNativeTarget "LxIAPManagerDemo" */;
			buildPhases = (
				B66C72541B549BE300105390 /* Sources */,
				B66C72551B549BE300105390 /* Frameworks */,
				B66C72561B549BE300105390 /* Resources */,
			);
			buildRules = (
			);
			dependencies = (
			);
			name = LxIAPManagerDemo;
			productName = LxIAPManagerDemo;
			productReference = B66C72581B549BE300105390 /* LxIAPManagerDemo.app */;
			productType = "com.apple.product-type.application";
		};
/* End PBXNativeTarget section */

/* Begin PBXProject section */
		B66C72501B549BE300105390 /* Project object */ = {
			isa = PBXProject;
			attributes = {
				LastUpgradeCheck = 0640;
				ORGANIZATIONNAME = DeveloperLx;
				TargetAttributes = {
					B66C72571B549BE300105390 = {
						CreatedOnToolsVersion = 6.4;
					};
				};
			};
			buildConfigurationList = B66C72531B549BE300105390 /* Build configuration list for PBXProject "LxIAPManagerDemo" */;
			compatibilityVersion = "Xcode 3.2";
			developmentRegion = English;
			hasScannedForEncodings = 0;
			knownRegions = (
				en,
				Base,
			);
			mainGroup = B66C724F1B549BE300105390;
			productRefGroup = B66C72591B549BE300105390 /* Products */;
			projectDirPath = "";
			projectRoot = "";
			targets = (
				B66C72571B549BE300105390 /* LxIAPManagerDemo */,
			);
		};
/* End PBXProject section */

/* Begin PBXResourcesBuildPhase section */
		B66C72561B549BE300105390 /* Resources */ = {
			isa = PBXResourcesBuildPhase;
			buildActionMask = 2147483647;
			files = (
				B66C72631B549BE300105390 /* Main.storyboard in Resources */,
				B66C72681B549BE300105390 /* LaunchScreen.xib in Resources */,
				B66C72651B549BE300105390 /* Images.xcassets in Resources */,
			);
			runOnlyForDeploymentPostprocessing = 0;
		};
/* End PBXResourcesBuildPhase section */

/* Begin PBXSourcesBuildPhase section */
		B66C72541B549BE300105390 /* Sources */ = {
			isa = PBXSourcesBuildPhase;
			buildActionMask = 2147483647;
			files = (
				B66C72601B549BE300105390 /* ViewController.swift in Sources */,
				B66C725E1B549BE300105390 /* AppDelegate.swift in Sources */,
				B66C72801B54C66E00105390 /* LxIAPManager.swift in Sources */,
			);
			runOnlyForDeploymentPostprocessing = 0;
		};
/* End PBXSourcesBuildPhase section */

/* Begin PBXVariantGroup section */
		B66C72611B549BE300105390 /* Main.storyboard */ = {
			isa = PBXVariantGroup;
			children = (
				B66C72621B549BE300105390 /* Base */,
			);
			name = Main.storyboard;
			sourceTree = "<group>";
		};
		B66C72661B549BE300105390 /* LaunchScreen.xib */ = {
			isa = PBXVariantGroup;
			children = (
				B66C72671B549BE300105390 /* Base */,
			);
			name = LaunchScreen.xib;
			sourceTree = "<group>";
		};
/* End PBXVariantGroup section */

/* Begin XCBuildConfiguration section */
		B66C72751B549BE300105390 /* Debug */ = {
			isa = XCBuildConfiguration;
			buildSettings = {
				ALWAYS_SEARCH_USER_PATHS = NO;
				CLANG_CXX_LANGUAGE_STANDARD = "gnu++0x";
				CLANG_CXX_LIBRARY = "libc++";
				CLANG_ENABLE_MODULES = YES;
				CLANG_ENABLE_OBJC_ARC = YES;
				CLANG_WARN_BOOL_CONVERSION = YES;
				CLANG_WARN_CONSTANT_CONVERSION = YES;
				CLANG_WARN_DIRECT_OBJC_ISA_USAGE = YES_ERROR;
				CLANG_WARN_EMPTY_BODY = YES;
				CLANG_WARN_ENUM_CONVERSION = YES;
				CLANG_WARN_INT_CONVERSION = YES;
				CLANG_WARN_OBJC_ROOT_CLASS = YES_ERROR;
				CLANG_WARN_UNREACHABLE_CODE = YES;
				CLANG_WARN__DUPLICATE_METHOD_MATCH = YES;
				"CODE_SIGN_IDENTITY[sdk=iphoneos*]" = "iPhone Developer";
				COPY_PHASE_STRIP = NO;
				DEBUG_INFORMATION_FORMAT = "dwarf-with-dsym";
				ENABLE_STRICT_OBJC_MSGSEND = YES;
				GCC_C_LANGUAGE_STANDARD = gnu99;
				GCC_DYNAMIC_NO_PIC = NO;
				GCC_NO_COMMON_BLOCKS = YES;
				GCC_OPTIMIZATION_LEVEL = 0;
				GCC_PREPROCESSOR_DEFINITIONS = (
					"DEBUG=1",
					"$(inherited)",
				);
				GCC_SYMBOLS_PRIVATE_EXTERN = NO;
				GCC_WARN_64_TO_32_BIT_CONVERSION = YES;
				GCC_WARN_ABOUT_RETURN_TYPE = YES_ERROR;
				GCC_WARN_UNDECLARED_SELECTOR = YES;
				GCC_WARN_UNINITIALIZED_AUTOS = YES_AGGRESSIVE;
				GCC_WARN_UNUSED_FUNCTION = YES;
				GCC_WARN_UNUSED_VARIABLE = YES;
				IPHONEOS_DEPLOYMENT_TARGET = 7.0;
				MTL_ENABLE_DEBUG_INFO = YES;
				ONLY_ACTIVE_ARCH = YES;
				SDKROOT = iphoneos;
				SWIFT_OPTIMIZATION_LEVEL = "-Onone";
				TARGETED_DEVICE_FAMILY = "1,2";
			};
			name = Debug;
		};
		B66C72761B549BE300105390 /* Release */ = {
			isa = XCBuildConfiguration;
			buildSettings = {
				ALWAYS_SEARCH_USER_PATHS = NO;
				CLANG_CXX_LANGUAGE_STANDARD = "gnu++0x";
				CLANG_CXX_LIBRARY = "libc++";
				CLANG_ENABLE_MODULES = YES;
				CLANG_ENABLE_OBJC_ARC = YES;
				CLANG_WARN_BOOL_CONVERSION = YES;
				CLANG_WARN_CONSTANT_CONVERSION = YES;
				CLANG_WARN_DIRECT_OBJC_ISA_USAGE = YES_ERROR;
				CLANG_WARN_EMPTY_BODY = YES;
				CLANG_WARN_ENUM_CONVERSION = YES;
				CLANG_WARN_INT_CONVERSION = YES;
				CLANG_WARN_OBJC_ROOT_CLASS = YES_ERROR;
				CLANG_WARN_UNREACHABLE_CODE = YES;
				CLANG_WARN__DUPLICATE_METHOD_MATCH = YES;
				"CODE_SIGN_IDENTITY[sdk=iphoneos*]" = "iPhone Developer";
				COPY_PHASE_STRIP = NO;
				DEBUG_INFORMATION_FORMAT = "dwarf-with-dsym";
				ENABLE_NS_ASSERTIONS = NO;
				ENABLE_STRICT_OBJC_MSGSEND = YES;
				GCC_C_LANGUAGE_STANDARD = gnu99;
				GCC_NO_COMMON_BLOCKS = YES;
				GCC_WARN_64_TO_32_BIT_CONVERSION = YES;
				GCC_WARN_ABOUT_RETURN_TYPE = YES_ERROR;
				GCC_WARN_UNDECLARED_SELECTOR = YES;
				GCC_WARN_UNINITIALIZED_AUTOS = YES_AGGRESSIVE;
				GCC_WARN_UNUSED_FUNCTION = YES;
				GCC_WARN_UNUSED_VARIABLE = YES;
				IPHONEOS_DEPLOYMENT_TARGET = 7.0;
				MTL_ENABLE_DEBUG_INFO = NO;
				SDKROOT = iphoneos;
				TARGETED_DEVICE_FAMILY = "1,2";
				VALIDATE_PRODUCT = YES;
			};
			name = Release;
		};
		B66C72781B549BE300105390 /* Debug */ = {
			isa = XCBuildConfiguration;
			buildSettings = {
				ASSETCATALOG_COMPILER_APPICON_NAME = AppIcon;
				INFOPLIST_FILE = LxIAPManagerDemo/Info.plist;
				LD_RUNPATH_SEARCH_PATHS = "$(inherited) @executable_path/Frameworks";
				PRODUCT_NAME = "$(TARGET_NAME)";
			};
			name = Debug;
		};
		B66C72791B549BE300105390 /* Release */ = {
			isa = XCBuildConfiguration;
			buildSettings = {
				ASSETCATALOG_COMPILER_APPICON_NAME = AppIcon;
				INFOPLIST_FILE = LxIAPManagerDemo/Info.plist;
				LD_RUNPATH_SEARCH_PATHS = "$(inherited) @executable_path/Frameworks";
				PRODUCT_NAME = "$(TARGET_NAME)";
			};
			name = Release;
		};
/* End XCBuildConfiguration section */

/* Begin XCConfigurationList section */
		B66C72531B549BE300105390 /* Build configuration list for PBXProject "LxIAPManagerDemo" */ = {
			isa = XCConfigurationList;
			buildConfigurations = (
				B66C72751B549BE300105390 /* Debug */,
				B66C72761B549BE300105390 /* Release */,
			);
			defaultConfigurationIsVisible = 0;
			defaultConfigurationName = Release;
		};
		B66C72771B549BE300105390 /* Build configuration list for PBXNativeTarget "LxIAPManagerDemo" */ = {
			isa = XCConfigurationList;
			buildConfigurations = (
				B66C72781B549BE300105390 /* Debug */,
				B66C72791B549BE300105390 /* Release */,
			);
			defaultConfigurationIsVisible = 0;
			defaultConfigurationName = Release;
		};
/* End XCConfigurationList section */
	};
	rootObject = B66C72501B549BE300105390 /* Project object */;
}
